
Microsoft Visual Studio Solution File, Format Version 12.00
# Visual Studio Version 16
VisualStudioVersion = 16.0.32510.428
MinimumVisualStudioVersion = 10.0.40219.1
Project("{11A8DD76-328B-46DF-9F39-F559912D0360}") = "Kubus3D", "Kubus3D\Kubus3D.nfproj", "{131E62EB-BCB9-46AF-A5D0-EE02792BC4EE}"
EndProject
Project("{2150E333-8FDC-42A3-9474-1A3956D46DE8}") = "Libs", "Libs", "{897130BF-244E-4EC6-8B02-C7C482609933}"
EndProject
Project("{11A8DD76-328B-46DF-9F39-F559912D0360}") = "BasicGraphics", "Libs\BasicGraphics\BasicGraphics.nfproj", "{EC3A1550-DD8B-4B25-8182-D7564DC7897E}"
EndProject
Project("{11A8DD76-328B-46DF-9F39-F559912D0360}") = "BluinoNet.ESP32StarterKit", "Libs\BluinoNet.ESP32StarterKit\BluinoNet.ESP32StarterKit.nfproj", "{61A33F63-797F-4E0C-ACDF-F2F7E0ABE608}"
EndProject
Project("{11A8DD76-328B-46DF-9F39-F559912D0360}") = "AlarmMaling", "AlarmMaling\AlarmMaling.nfproj", "{33BBD860-C158-4A52-934A-B554747D4C81}"
EndProject
Project("{2150E333-8FDC-42A3-9474-1A3956D46DE8}") = "Apps", "Apps", "{3BDCE0D4-7E6D-4231-B032-FAC913FCAC66}"
EndProject
Project("{11A8DD76-328B-46DF-9F39-F559912D0360}") = "Pong", "Pong\Pong.nfproj", "{21166132-95E4-4167-894C-B53BE3D2DE2B}"
EndProject
Project("{11A8DD76-328B-46DF-9F39-F559912D0360}") = "Pesawat", "Pesawat\Pesawat.nfproj", "{82C3FB29-5002-4964-88AF-55625E6876B8}"
EndProject
Project("{11A8DD76-328B-46DF-9F39-F559912D0360}") = "Dadu", "Dadu\Dadu.nfproj", "{EA5ABD5C-3FB2-4C0E-AABC-5645959BE4A1}"
EndProject
Project("{11A8DD76-328B-46DF-9F39-F559912D0360}") = "Labirin", "Labirin\Labirin.nfproj", "{3ECE7B9A-470C-4FB5-A3E2-20E10D20E7CD}"
EndProject
Project("{11A8DD76-328B-46DF-9F39-F559912D0360}") = "ColorMixer", "ColorMixer\ColorMixer.nfproj", "{2C6AA628-C502-4A5E-AC93-9A0C7DA49A05}"
EndProject
Project("{11A8DD76-328B-46DF-9F39-F559912D0360}") = "GeserTitik", "GeserTitik\GeserTitik.nfproj", "{D630ABB5-DFB7-4638-B535-9211B2365C72}"
EndProject
Project("{11A8DD76-328B-46DF-9F39-F559912D0360}") = "Bintang", "Bintang\Bintang.nfproj", "{CA5A42FC-601C-4A07-9632-9D207DD0DBD6}"
EndProject
Project("{11A8DD76-328B-46DF-9F39-F559912D0360}") = "Bola", "Bola\Bola.nfproj", "{FC8FEEA0-18A3-464E-85AB-32A19466CA8E}"
EndProject
Project("{11A8DD76-328B-46DF-9F39-F559912D0360}") = "Termometer", "Termometer\Termometer.nfproj", "{B07668C2-95B4-47A2-8177-BDD8002AA236}"
EndProject
Project("{11A8DD76-328B-46DF-9F39-F559912D0360}") = "ServoBot", "ServoBot\ServoBot.nfproj", "{CAD9393F-FD71-42F6-AF01-DED9753FEC23}"
EndProject
Project("{11A8DD76-328B-46DF-9F39-F559912D0360}") = "MqttLogger", "MqttLogger\MqttLogger.nfproj", "{7193EB8D-C1EA-4AAA-B095-386F8D42E517}"
EndProject
Global
	GlobalSection(SolutionConfigurationPlatforms) = preSolution
		Debug|Any CPU = Debug|Any CPU
		Release|Any CPU = Release|Any CPU
	EndGlobalSection
	GlobalSection(ProjectConfigurationPlatforms) = postSolution
		{131E62EB-BCB9-46AF-A5D0-EE02792BC4EE}.Debug|Any CPU.ActiveCfg = Debug|Any CPU
		{131E62EB-BCB9-46AF-A5D0-EE02792BC4EE}.Debug|Any CPU.Build.0 = Debug|Any CPU
		{131E62EB-BCB9-46AF-A5D0-EE02792BC4EE}.Debug|Any CPU.Deploy.0 = Debug|Any CPU
		{131E62EB-BCB9-46AF-A5D0-EE02792BC4EE}.Release|Any CPU.ActiveCfg = Release|Any CPU
		{131E62EB-BCB9-46AF-A5D0-EE02792BC4EE}.Release|Any CPU.Build.0 = Release|Any CPU
		{131E62EB-BCB9-46AF-A5D0-EE02792BC4EE}.Release|Any CPU.Deploy.0 = Release|Any CPU
		{EC3A1550-DD8B-4B25-8182-D7564DC7897E}.Debug|Any CPU.ActiveCfg = Debug|Any CPU
		{EC3A1550-DD8B-4B25-8182-D7564DC7897E}.Debug|Any CPU.Build.0 = Debug|Any CPU
		{EC3A1550-DD8B-4B25-8182-D7564DC7897E}.Debug|Any CPU.Deploy.0 = Debug|Any CPU
		{EC3A1550-DD8B-4B25-8182-D7564DC7897E}.Release|Any CPU.ActiveCfg = Release|Any CPU
		{EC3A1550-DD8B-4B25-8182-D7564DC7897E}.Release|Any CPU.Build.0 = Release|Any CPU
		{EC3A1550-DD8B-4B25-8182-D7564DC7897E}.Release|Any CPU.Deploy.0 = Release|Any CPU
		{61A33F63-797F-4E0C-ACDF-F2F7E0ABE608}.Debug|Any CPU.ActiveCfg = Debug|Any CPU
		{61A33F63-797F-4E0C-ACDF-F2F7E0ABE608}.Debug|Any CPU.Build.0 = Debug|Any CPU
		{61A33F63-797F-4E0C-ACDF-F2F7E0ABE608}.Debug|Any CPU.Deploy.0 = Debug|Any CPU
		{61A33F63-797F-4E0C-ACDF-F2F7E0ABE608}.Release|Any CPU.ActiveCfg = Release|Any CPU
		{61A33F63-797F-4E0C-ACDF-F2F7E0ABE608}.Release|Any CPU.Build.0 = Release|Any CPU
		{61A33F63-797F-4E0C-ACDF-F2F7E0ABE608}.Release|Any CPU.Deploy.0 = Release|Any CPU
		{33BBD860-C158-4A52-934A-B554747D4C81}.Debug|Any CPU.ActiveCfg = Debug|Any CPU
		{33BBD860-C158-4A52-934A-B554747D4C81}.Debug|Any CPU.Build.0 = Debug|Any CPU
		{33BBD860-C158-4A52-934A-B554747D4C81}.Debug|Any CPU.Deploy.0 = Debug|Any CPU
		{33BBD860-C158-4A52-934A-B554747D4C81}.Release|Any CPU.ActiveCfg = Release|Any CPU
		{33BBD860-C158-4A52-934A-B554747D4C81}.Release|Any CPU.Build.0 = Release|Any CPU
		{33BBD860-C158-4A52-934A-B554747D4C81}.Release|Any CPU.Deploy.0 = Release|Any CPU
		{21166132-95E4-4167-894C-B53BE3D2DE2B}.Debug|Any CPU.ActiveCfg = Debug|Any CPU
		{21166132-95E4-4167-894C-B53BE3D2DE2B}.Debug|Any CPU.Build.0 = Debug|Any CPU
		{21166132-95E4-4167-894C-B53BE3D2DE2B}.Debug|Any CPU.Deploy.0 = Debug|Any CPU
		{21166132-95E4-4167-894C-B53BE3D2DE2B}.Release|Any CPU.ActiveCfg = Release|Any CPU
		{21166132-95E4-4167-894C-B53BE3D2DE2B}.Release|Any CPU.Build.0 = Release|Any CPU
		{21166132-95E4-4167-894C-B53BE3D2DE2B}.Release|Any CPU.Deploy.0 = Release|Any CPU
		{82C3FB29-5002-4964-88AF-55625E6876B8}.Debug|Any CPU.ActiveCfg = Debug|Any CPU
		{82C3FB29-5002-4964-88AF-55625E6876B8}.Debug|Any CPU.Build.0 = Debug|Any CPU
		{82C3FB29-5002-4964-88AF-55625E6876B8}.Debug|Any CPU.Deploy.0 = Debug|Any CPU
		{82C3FB29-5002-4964-88AF-55625E6876B8}.Release|Any CPU.ActiveCfg = Release|Any CPU
		{82C3FB29-5002-4964-88AF-55625E6876B8}.Release|Any CPU.Build.0 = Release|Any CPU
		{82C3FB29-5002-4964-88AF-55625E6876B8}.Release|Any CPU.Deploy.0 = Release|Any CPU
		{EA5ABD5C-3FB2-4C0E-AABC-5645959BE4A1}.Debug|Any CPU.ActiveCfg = Debug|Any CPU
		{EA5ABD5C-3FB2-4C0E-AABC-5645959BE4A1}.Debug|Any CPU.Build.0 = Debug|Any CPU
		{EA5ABD5C-3FB2-4C0E-AABC-5645959BE4A1}.Debug|Any CPU.Deploy.0 = Debug|Any CPU
		{EA5ABD5C-3FB2-4C0E-AABC-5645959BE4A1}.Release|Any CPU.ActiveCfg = Release|Any CPU
		{EA5ABD5C-3FB2-4C0E-AABC-5645959BE4A1}.Release|Any CPU.Build.0 = Release|Any CPU
		{EA5ABD5C-3FB2-4C0E-AABC-5645959BE4A1}.Release|Any CPU.Deploy.0 = Release|Any CPU
		{3ECE7B9A-470C-4FB5-A3E2-20E10D20E7CD}.Debug|Any CPU.ActiveCfg = Debug|Any CPU
		{3ECE7B9A-470C-4FB5-A3E2-20E10D20E7CD}.Debug|Any CPU.Build.0 = Debug|Any CPU
		{3ECE7B9A-470C-4FB5-A3E2-20E10D20E7CD}.Debug|Any CPU.Deploy.0 = Debug|Any CPU
		{3ECE7B9A-470C-4FB5-A3E2-20E10D20E7CD}.Release|Any CPU.ActiveCfg = Release|Any CPU
		{3ECE7B9A-470C-4FB5-A3E2-20E10D20E7CD}.Release|Any CPU.Build.0 = Release|Any CPU
		{3ECE7B9A-470C-4FB5-A3E2-20E10D20E7CD}.Release|Any CPU.Deploy.0 = Release|Any CPU
		{2C6AA628-C502-4A5E-AC93-9A0C7DA49A05}.Debug|Any CPU.ActiveCfg = Debug|Any CPU
		{2C6AA628-C502-4A5E-AC93-9A0C7DA49A05}.Debug|Any CPU.Build.0 = Debug|Any CPU
		{2C6AA628-C502-4A5E-AC93-9A0C7DA49A05}.Debug|Any CPU.Deploy.0 = Debug|Any CPU
		{2C6AA628-C502-4A5E-AC93-9A0C7DA49A05}.Release|Any CPU.ActiveCfg = Release|Any CPU
		{2C6AA628-C502-4A5E-AC93-9A0C7DA49A05}.Release|Any CPU.Build.0 = Release|Any CPU
		{2C6AA628-C502-4A5E-AC93-9A0C7DA49A05}.Release|Any CPU.Deploy.0 = Release|Any CPU
		{D630ABB5-DFB7-4638-B535-9211B2365C72}.Debug|Any CPU.ActiveCfg = Debug|Any CPU
		{D630ABB5-DFB7-4638-B535-9211B2365C72}.Debug|Any CPU.Build.0 = Debug|Any CPU
		{D630ABB5-DFB7-4638-B535-9211B2365C72}.Debug|Any CPU.Deploy.0 = Debug|Any CPU
		{D630ABB5-DFB7-4638-B535-9211B2365C72}.Release|Any CPU.ActiveCfg = Release|Any CPU
		{D630ABB5-DFB7-4638-B535-9211B2365C72}.Release|Any CPU.Build.0 = Release|Any CPU
		{D630ABB5-DFB7-4638-B535-9211B2365C72}.Release|Any CPU.Deploy.0 = Release|Any CPU
		{CA5A42FC-601C-4A07-9632-9D207DD0DBD6}.Debug|Any CPU.ActiveCfg = Debug|Any CPU
		{CA5A42FC-601C-4A07-9632-9D207DD0DBD6}.Debug|Any CPU.Build.0 = Debug|Any CPU
		{CA5A42FC-601C-4A07-9632-9D207DD0DBD6}.Debug|Any CPU.Deploy.0 = Debug|Any CPU
		{CA5A42FC-601C-4A07-9632-9D207DD0DBD6}.Release|Any CPU.ActiveCfg = Release|Any CPU
		{CA5A42FC-601C-4A07-9632-9D207DD0DBD6}.Release|Any CPU.Build.0 = Release|Any CPU
		{CA5A42FC-601C-4A07-9632-9D207DD0DBD6}.Release|Any CPU.Deploy.0 = Release|Any CPU
		{FC8FEEA0-18A3-464E-85AB-32A19466CA8E}.Debug|Any CPU.ActiveCfg = Debug|Any CPU
		{FC8FEEA0-18A3-464E-85AB-32A19466CA8E}.Debug|Any CPU.Build.0 = Debug|Any CPU
		{FC8FEEA0-18A3-464E-85AB-32A19466CA8E}.Debug|Any CPU.Deploy.0 = Debug|Any CPU
		{FC8FEEA0-18A3-464E-85AB-32A19466CA8E}.Release|Any CPU.ActiveCfg = Release|Any CPU
		{FC8FEEA0-18A3-464E-85AB-32A19466CA8E}.Release|Any CPU.Build.0 = Release|Any CPU
		{FC8FEEA0-18A3-464E-85AB-32A19466CA8E}.Release|Any CPU.Deploy.0 = Release|Any CPU
		{B07668C2-95B4-47A2-8177-BDD8002AA236}.Debug|Any CPU.ActiveCfg = Debug|Any CPU
		{B07668C2-95B4-47A2-8177-BDD8002AA236}.Debug|Any CPU.Build.0 = Debug|Any CPU
		{B07668C2-95B4-47A2-8177-BDD8002AA236}.Debug|Any CPU.Deploy.0 = Debug|Any CPU
		{B07668C2-95B4-47A2-8177-BDD8002AA236}.Release|Any CPU.ActiveCfg = Release|Any CPU
		{B07668C2-95B4-47A2-8177-BDD8002AA236}.Release|Any CPU.Build.0 = Release|Any CPU
		{B07668C2-95B4-47A2-8177-BDD8002AA236}.Release|Any CPU.Deploy.0 = Release|Any CPU
		{CAD9393F-FD71-42F6-AF01-DED9753FEC23}.Debug|Any CPU.ActiveCfg = Debug|Any CPU
		{CAD9393F-FD71-42F6-AF01-DED9753FEC23}.Debug|Any CPU.Build.0 = Debug|Any CPU
		{CAD9393F-FD71-42F6-AF01-DED9753FEC23}.Debug|Any CPU.Deploy.0 = Debug|Any CPU
		{CAD9393F-FD71-42F6-AF01-DED9753FEC23}.Release|Any CPU.ActiveCfg = Release|Any CPU
		{CAD9393F-FD71-42F6-AF01-DED9753FEC23}.Release|Any CPU.Build.0 = Release|Any CPU
		{CAD9393F-FD71-42F6-AF01-DED9753FEC23}.Release|Any CPU.Deploy.0 = Release|Any CPU
		{7193EB8D-C1EA-4AAA-B095-386F8D42E517}.Debug|Any CPU.ActiveCfg = Debug|Any CPU
		{7193EB8D-C1EA-4AAA-B095-386F8D42E517}.Debug|Any CPU.Build.0 = Debug|Any CPU
		{7193EB8D-C1EA-4AAA-B095-386F8D42E517}.Debug|Any CPU.Deploy.0 = Debug|Any CPU
		{7193EB8D-C1EA-4AAA-B095-386F8D42E517}.Release|Any CPU.ActiveCfg = Release|Any CPU
		{7193EB8D-C1EA-4AAA-B095-386F8D42E517}.Release|Any CPU.Build.0 = Release|Any CPU
		{7193EB8D-C1EA-4AAA-B095-386F8D42E517}.Release|Any CPU.Deploy.0 = Release|Any CPU
	EndGlobalSection
	GlobalSection(SolutionProperties) = preSolution
		HideSolutionNode = FALSE
	EndGlobalSection
	GlobalSection(NestedProjects) = preSolution
		{131E62EB-BCB9-46AF-A5D0-EE02792BC4EE} = {3BDCE0D4-7E6D-4231-B032-FAC913FCAC66}
		{EC3A1550-DD8B-4B25-8182-D7564DC7897E} = {897130BF-244E-4EC6-8B02-C7C482609933}
		{61A33F63-797F-4E0C-ACDF-F2F7E0ABE608} = {897130BF-244E-4EC6-8B02-C7C482609933}
		{33BBD860-C158-4A52-934A-B554747D4C81} = {3BDCE0D4-7E6D-4231-B032-FAC913FCAC66}
		{21166132-95E4-4167-894C-B53BE3D2DE2B} = {3BDCE0D4-7E6D-4231-B032-FAC913FCAC66}
		{82C3FB29-5002-4964-88AF-55625E6876B8} = {3BDCE0D4-7E6D-4231-B032-FAC913FCAC66}
		{EA5ABD5C-3FB2-4C0E-AABC-5645959BE4A1} = {3BDCE0D4-7E6D-4231-B032-FAC913FCAC66}
		{3ECE7B9A-470C-4FB5-A3E2-20E10D20E7CD} = {3BDCE0D4-7E6D-4231-B032-FAC913FCAC66}
		{2C6AA628-C502-4A5E-AC93-9A0C7DA49A05} = {3BDCE0D4-7E6D-4231-B032-FAC913FCAC66}
		{D630ABB5-DFB7-4638-B535-9211B2365C72} = {3BDCE0D4-7E6D-4231-B032-FAC913FCAC66}
		{CA5A42FC-601C-4A07-9632-9D207DD0DBD6} = {3BDCE0D4-7E6D-4231-B032-FAC913FCAC66}
		{FC8FEEA0-18A3-464E-85AB-32A19466CA8E} = {3BDCE0D4-7E6D-4231-B032-FAC913FCAC66}
		{B07668C2-95B4-47A2-8177-BDD8002AA236} = {3BDCE0D4-7E6D-4231-B032-FAC913FCAC66}
		{CAD9393F-FD71-42F6-AF01-DED9753FEC23} = {3BDCE0D4-7E6D-4231-B032-FAC913FCAC66}
		{7193EB8D-C1EA-4AAA-B095-386F8D42E517} = {3BDCE0D4-7E6D-4231-B032-FAC913FCAC66}
	EndGlobalSection
	GlobalSection(ExtensibilityGlobals) = postSolution
		SolutionGuid = {A9794387-6948-4F86-B526-980CA79390F7}
	EndGlobalSection
EndGlobal
